
Microsoft Visual Studio Solution File, Format Version 12.00
# Visual Studio Version 17
VisualStudioVersion = 17.8.34511.84
MinimumVisualStudioVersion = 10.0.40219.1
Project("{FAE04EC0-301F-11D3-BF4B-00C04F79EFBC}") = "WF_nov", "WF_nov.csproj", "{334ADA8B-50B3-4ECD-9763-B56CFDB22948}"
EndProject
Global
	GlobalSection(SolutionConfigurationPlatforms) = preSolution
		Debug|Any CPU = Debug|Any CPU
		Release|Any CPU = Release|Any CPU
	EndGlobalSection
	GlobalSection(ProjectConfigurationPlatforms) = postSolution
		{334ADA8B-50B3-4ECD-9763-B56CFDB22948}.Debug|Any CPU.ActiveCfg = Debug|Any CPU
		{334ADA8B-50B3-4ECD-9763-B56CFDB22948}.Debug|Any CPU.Build.0 = Debug|Any CPU
		{334ADA8B-50B3-4ECD-9763-B56CFDB22948}.Release|Any CPU.ActiveCfg = Release|Any CPU
		{334ADA8B-50B3-4ECD-9763-B56CFDB22948}.Release|Any CPU.Build.0 = Release|Any CPU
	EndGlobalSection
	GlobalSection(SolutionProperties) = preSolution
		HideSolutionNode = FALSE
	EndGlobalSection
	GlobalSection(ExtensibilityGlobals) = postSolution
		SolutionGuid = {B23CADFA-413B-474D-B235-1C3AC2152DD9}
	EndGlobalSection
EndGlobal
